<Project xmlns="http://schemas.microsoft.com/developer/msbuild/2003">
    <PropertyGroup>
        <ProjectGuid>{BC13C4A6-0DFB-493E-847F-AD1CB22B05ED}</ProjectGuid>
        <ProjectVersion>14.4</ProjectVersion>
        <FrameworkType>VCL</FrameworkType>
        <MainSource>prjCalculator.dpr</MainSource>
        <Base>True</Base>
        <Config Condition="'$(Config)'==''">Debug</Config>
        <Platform Condition="'$(Platform)'==''">Win32</Platform>
        <TargetedPlatforms>1</TargetedPlatforms>
        <AppType>Application</AppType>
    </PropertyGroup>
    <PropertyGroup Condition="'$(Config)'=='Base' or '$(Base)'!=''">
        <Base>true</Base>
    </PropertyGroup>
    <PropertyGroup Condition="('$(Platform)'=='Win32' and '$(Base)'=='true') or '$(Base_Win32)'!=''">
        <Base_Win32>true</Base_Win32>
        <CfgParent>Base</CfgParent>
        <Base>true</Base>
    </PropertyGroup>
    <PropertyGroup Condition="('$(Platform)'=='Win64' and '$(Base)'=='true') or '$(Base_Win64)'!=''">
        <Base_Win64>true</Base_Win64>
        <CfgParent>Base</CfgParent>
        <Base>true</Base>
    </PropertyGroup>
    <PropertyGroup Condition="'$(Config)'=='Debug' or '$(Cfg_1)'!=''">
        <Cfg_1>true</Cfg_1>
        <CfgParent>Base</CfgParent>
        <Base>true</Base>
    </PropertyGroup>
    <PropertyGroup Condition="('$(Platform)'=='Win32' and '$(Cfg_1)'=='true') or '$(Cfg_1_Win32)'!=''">
        <Cfg_1_Win32>true</Cfg_1_Win32>
        <CfgParent>Cfg_1</CfgParent>
        <Cfg_1>true</Cfg_1>
        <Base>true</Base>
    </PropertyGroup>
    <PropertyGroup Condition="'$(Config)'=='Release' or '$(Cfg_2)'!=''">
        <Cfg_2>true</Cfg_2>
        <CfgParent>Base</CfgParent>
        <Base>true</Base>
    </PropertyGroup>
    <PropertyGroup Condition="'$(Base)'!=''">
        <Icon_MainIcon>$(BDS)\bin\delphi_PROJECTICON.ico</Icon_MainIcon>
        <DCC_Namespace>System;Xml;Data;Datasnap;Web;Soap;Vcl;Vcl.Imaging;Vcl.Touch;Vcl.Samples;Vcl.Shell;$(DCC_Namespace)</DCC_Namespace>
        <DCC_DcuOutput>.\$(Platform)\$(Config)</DCC_DcuOutput>
        <DCC_ExeOutput>.\$(Platform)\$(Config)</DCC_ExeOutput>
        <DCC_E>false</DCC_E>
        <DCC_N>false</DCC_N>
        <DCC_S>false</DCC_S>
        <DCC_F>false</DCC_F>
        <DCC_K>false</DCC_K>
    </PropertyGroup>
    <PropertyGroup Condition="'$(Base_Win32)'!=''">
        <VerInfo_Locale>1033</VerInfo_Locale>
        <Manifest_File>$(BDS)\bin\default_app.manifest</Manifest_File>
        <DCC_Namespace>Winapi;System.Win;Data.Win;Datasnap.Win;Web.Win;Soap.Win;Xml.Win;Bde;$(DCC_Namespace)</DCC_Namespace>
        <VerInfo_Keys>CompanyName=;FileDescription=;FileVersion=1.0.0.0;InternalName=;LegalCopyright=;LegalTrademarks=;OriginalFilename=;ProductName=;ProductVersion=1.0.0.0;Comments=</VerInfo_Keys>
        <VerInfo_IncludeVerInfo>true</VerInfo_IncludeVerInfo>
        <DCC_UsePackage>cxPivotGridChartRS17;AnyDAC_PhysMySQL_D17;evpFramesXE;cxTreeListdxBarPopupMenuRS17;rbUSER1717;rbDIDE1717;dxSkinOffice2013WhiteRS17;tmsexdxe3;rbTCUI1717;Scit;dxCoreRS17;DBXSqliteDriver;dxThemeRS17;fmx;IndySystem;TeeDB;evpVariousXE;vclib;inetdbbde;DBXInterBaseDriver;DataSnapClient;DataSnapCommon;DataSnapServer;dxSkinDarkRoomRS17;rbRCL1717;rbADO1717;DataSnapProviderClient;DBXSybaseASEDriver;dxRibbonRS17;DbxCommonDriver;cxDataRS17;vclimg;dxServerModeRS17;cxBarEditItemRS17;dbxcds;evpControlsXE;DatasnapConnectorsFreePascal;MetropolisUILiveTile;cxPivotGridOLAPRS17;cxSchedulerRS17;AnyDAC_PhysMSAcc_D17;dxSkinsdxBarPainterRS17;vcldb;cxExportRS17;rbIDE1717;vcldsnap;dxBarExtItemsRS17;cxVerticalGridRS17;rbTC1717;dxGDIPlusRS17;dclRBADO1717;DBXDb2Driver;dxNavBarRS17;AnyDAC_ComI_D17;DBXOracleDriver;CustomIPTransport;AnyDAC_PhysMSSQL_D17;cxLibraryRS17;vclribbon;cxGridRS17;dsnap;IndyIPServer;rbRTL1717;cxSpreadSheetRS17;fmxase;vcl;IndyCore;AnyDAC_Comp_D17;AnyDAC_PhysPg_D17;IndyIPCommon;CloudService;DBXMSSQLDriver;FmxTeeUI;AnyDAC_PhysDb2_D17;rbRAP1717;rbRIDE1717;tmswizdxe3;dxSkinsdxDLPainterRS17;AnyDAC_PhysASA_D17;inetdbxpress;webdsnap;rbDAD1717;evpDataXE;AnyDAC_PhysOracle_D17;rbBDE1717;adortl;dxSkinscxSchedulerPainterRS17;evpPOSControlsXE;rbUSERDesign1717;dxtrmdRS17;bindcompfmx;AnyDAC_GUIxForms_D17;vcldbx;dxSkinOffice2013LightGrayRS17;cxSchedulerGridRS17;rtl;dbrtl;DbxClientDriver;dxTabbedMDIRS17;bindcomp;inetdb;dxComnRS17;dxSkinsCoreRS17;dxBarRS17;dxdbtrRS17;Tee;DBXOdbcDriver;dxBarDBNavRS17;dclRBE1717;dxSkinBlackRS17;xmlrtl;svnui;ibxpress;dxorgcRS17;tmsdxe3;IndyProtocols;DBXMySQLDriver;dxLayoutControlRS17;dxDockingRS17;evpComponentsXE;dclRBBDE1717;evpFunctionsXE;vclactnband;bindengine;soaprtl;bindcompdbx;FMXTee;TeeUI;bindcompvcl;dxBarExtDBItemsRS17;dxADOServerModeRS17;dxSkinOffice2013DarkGrayRS17;vclie;rbCIDE1717;dxSpellCheckerRS17;rbDB1717;cxPageControlRS17;vcltouch;dxSkinscxPCPainterRS17;dxSkinOffice2007GreenRS17;websnap;AnyDAC_PhysADS_D17;dxTileControlRS17;AnyDAC_PhysIB_D17;VclSmp;dxmdsRS17;DBXInformixDriver;cxPivotGridRS17;Intraweb;dxSkinDarkSideRS17;DataSnapConnectors;dxdborRS17;dsnapcon;DBXFirebirdDriver;AnyDAC_Phys_D17;inet;fmxobj;cxTreeListRS17;dxSkinGlassOceansRS17;vclx;rbCT1717;cxEditorsRS17;svn;DBXSybaseASADriver;dxFlowChartRS17;fmxdae;tmsxlsdxe3;bdertl;rbDBDE1717;dbexpress;DataSnapIndy10ServerTransport;IndyIPClient;$(DCC_UsePackage)</DCC_UsePackage>
    </PropertyGroup>
    <PropertyGroup Condition="'$(Base_Win64)'!=''">
        <DCC_UsePackage>cxPivotGridChartRS17;cxTreeListdxBarPopupMenuRS17;dxSkinOffice2013WhiteRS17;dxCoreRS17;DBXSqliteDriver;dxThemeRS17;fmx;IndySystem;TeeDB;vclib;DBXInterBaseDriver;DataSnapClient;DataSnapCommon;DataSnapServer;dxSkinDarkRoomRS17;DataSnapProviderClient;DBXSybaseASEDriver;dxRibbonRS17;DbxCommonDriver;cxDataRS17;vclimg;dxServerModeRS17;cxBarEditItemRS17;dbxcds;DatasnapConnectorsFreePascal;MetropolisUILiveTile;cxPivotGridOLAPRS17;cxSchedulerRS17;dxSkinsdxBarPainterRS17;vcldb;cxExportRS17;vcldsnap;dxBarExtItemsRS17;cxVerticalGridRS17;dxGDIPlusRS17;DBXDb2Driver;dxNavBarRS17;DBXOracleDriver;CustomIPTransport;cxLibraryRS17;cxGridRS17;dsnap;IndyIPServer;cxSpreadSheetRS17;fmxase;vcl;IndyCore;IndyIPCommon;DBXMSSQLDriver;dxSkinsdxDLPainterRS17;inetdbxpress;webdsnap;adortl;dxSkinscxSchedulerPainterRS17;dxtrmdRS17;bindcompfmx;dxSkinOffice2013LightGrayRS17;cxSchedulerGridRS17;rtl;dbrtl;DbxClientDriver;dxTabbedMDIRS17;bindcomp;inetdb;dxComnRS17;dxSkinsCoreRS17;dxBarRS17;dxdbtrRS17;Tee;DBXOdbcDriver;dxBarDBNavRS17;dxSkinBlackRS17;xmlrtl;ibxpress;dxorgcRS17;IndyProtocols;DBXMySQLDriver;dxLayoutControlRS17;dxDockingRS17;vclactnband;bindengine;soaprtl;bindcompdbx;TeeUI;bindcompvcl;dxBarExtDBItemsRS17;dxADOServerModeRS17;dxSkinOffice2013DarkGrayRS17;vclie;dxSpellCheckerRS17;cxPageControlRS17;vcltouch;dxSkinscxPCPainterRS17;dxSkinOffice2007GreenRS17;websnap;dxTileControlRS17;VclSmp;dxmdsRS17;DBXInformixDriver;cxPivotGridRS17;dxSkinDarkSideRS17;DataSnapConnectors;dxdborRS17;dsnapcon;DBXFirebirdDriver;inet;fmxobj;cxTreeListRS17;dxSkinGlassOceansRS17;vclx;cxEditorsRS17;DBXSybaseASADriver;dxFlowChartRS17;fmxdae;dbexpress;DataSnapIndy10ServerTransport;IndyIPClient;$(DCC_UsePackage)</DCC_UsePackage>
    </PropertyGroup>
    <PropertyGroup Condition="'$(Cfg_1)'!=''">
        <DCC_Define>DEBUG;$(DCC_Define)</DCC_Define>
        <DCC_DebugDCUs>true</DCC_DebugDCUs>
        <DCC_Optimize>false</DCC_Optimize>
        <DCC_GenerateStackFrames>true</DCC_GenerateStackFrames>
        <DCC_DebugInfoInExe>true</DCC_DebugInfoInExe>
        <DCC_RemoteDebug>true</DCC_RemoteDebug>
    </PropertyGroup>
    <PropertyGroup Condition="'$(Cfg_1_Win32)'!=''">
        <DCC_RemoteDebug>false</DCC_RemoteDebug>
    </PropertyGroup>
    <PropertyGroup Condition="'$(Cfg_2)'!=''">
        <DCC_LocalDebugSymbols>false</DCC_LocalDebugSymbols>
        <DCC_Define>RELEASE;$(DCC_Define)</DCC_Define>
        <DCC_SymbolReferenceInfo>0</DCC_SymbolReferenceInfo>
        <DCC_DebugInformation>false</DCC_DebugInformation>
    </PropertyGroup>
    <ItemGroup>
        <DelphiCompile Include="$(MainSource)">
            <MainSource>MainSource</MainSource>
        </DelphiCompile>
        <DCCReference Include="MainForm.pas">
            <Form>Form1</Form>
            <FormType>dfm</FormType>
        </DCCReference>
        <BuildConfiguration Include="Release">
            <Key>Cfg_2</Key>
            <CfgParent>Base</CfgParent>
        </BuildConfiguration>
        <BuildConfiguration Include="Base">
            <Key>Base</Key>
        </BuildConfiguration>
        <BuildConfiguration Include="Debug">
            <Key>Cfg_1</Key>
            <CfgParent>Base</CfgParent>
        </BuildConfiguration>
    </ItemGroup>
    <ProjectExtensions>
        <Borland.Personality>Delphi.Personality.12</Borland.Personality>
        <Borland.ProjectType/>
        <BorlandProject>
            <Delphi.Personality>
                <VersionInfo>
                    <VersionInfo Name="IncludeVerInfo">False</VersionInfo>
                    <VersionInfo Name="AutoIncBuild">False</VersionInfo>
                    <VersionInfo Name="MajorVer">1</VersionInfo>
                    <VersionInfo Name="MinorVer">0</VersionInfo>
                    <VersionInfo Name="Release">0</VersionInfo>
                    <VersionInfo Name="Build">0</VersionInfo>
                    <VersionInfo Name="Debug">False</VersionInfo>
                    <VersionInfo Name="PreRelease">False</VersionInfo>
                    <VersionInfo Name="Special">False</VersionInfo>
                    <VersionInfo Name="Private">False</VersionInfo>
                    <VersionInfo Name="DLL">False</VersionInfo>
                    <VersionInfo Name="Locale">7177</VersionInfo>
                    <VersionInfo Name="CodePage">1252</VersionInfo>
                </VersionInfo>
                <VersionInfoKeys>
                    <VersionInfoKeys Name="CompanyName"/>
                    <VersionInfoKeys Name="FileDescription"/>
                    <VersionInfoKeys Name="FileVersion">1.0.0.0</VersionInfoKeys>
                    <VersionInfoKeys Name="InternalName"/>
                    <VersionInfoKeys Name="LegalCopyright"/>
                    <VersionInfoKeys Name="LegalTrademarks"/>
                    <VersionInfoKeys Name="OriginalFilename"/>
                    <VersionInfoKeys Name="ProductName"/>
                    <VersionInfoKeys Name="ProductVersion">1.0.0.0</VersionInfoKeys>
                    <VersionInfoKeys Name="Comments"/>
                    <VersionInfoKeys Name="CFBundleName"/>
                    <VersionInfoKeys Name="CFBundleDisplayName"/>
                    <VersionInfoKeys Name="CFBundleIdentifier"/>
                    <VersionInfoKeys Name="CFBundleVersion"/>
                    <VersionInfoKeys Name="CFBundlePackageType"/>
                    <VersionInfoKeys Name="CFBundleSignature"/>
                    <VersionInfoKeys Name="CFBundleAllowMixedLocalizations"/>
                    <VersionInfoKeys Name="CFBundleExecutable"/>
                </VersionInfoKeys>
                <Source>
                    <Source Name="MainSource">prjCalculator.dpr</Source>
                </Source>
            </Delphi.Personality>
            <Deployment/>
            <Platforms>
                <Platform value="Win32">True</Platform>
                <Platform value="Win64">False</Platform>
            </Platforms>
        </BorlandProject>
        <ProjectFileVersion>12</ProjectFileVersion>
    </ProjectExtensions>
    <Import Project="$(BDS)\Bin\CodeGear.Delphi.Targets" Condition="Exists('$(BDS)\Bin\CodeGear.Delphi.Targets')"/>
    <Import Project="$(APPDATA)\Embarcadero\$(BDSAPPDATABASEDIR)\$(PRODUCTVERSION)\UserTools.proj" Condition="Exists('$(APPDATA)\Embarcadero\$(BDSAPPDATABASEDIR)\$(PRODUCTVERSION)\UserTools.proj')"/>
</Project>
